
Microsoft Visual Studio Solution File, Format Version 12.00
# Visual Studio Version 17
VisualStudioVersion = 17.0.31903.59
MinimumVisualStudioVersion = 10.0.40219.1
Project("{2150E333-8FDC-42A3-9474-1A3956D46DE8}") = "src", "src", "{827E0CD3-B72D-47B6-A68D-7590B98EB39B}"
EndProject
Project("{2150E333-8FDC-42A3-9474-1A3956D46DE8}") = "core", "core", "{8D626EA8-CB54-BC41-363A-217881BEBA6E}"
EndProject
Project("{FAE04EC0-301F-11D3-BF4B-00C04F79EFBC}") = "ClaimsModule.Domain", "src\core\ClaimsModule.Domain\ClaimsModule.Domain.csproj", "{FD415B01-B17C-478D-9AEA-85A1F412EFE5}"
EndProject
Project("{FAE04EC0-301F-11D3-BF4B-00C04F79EFBC}") = "ClaimsModule.Application", "src\core\ClaimsModule.Application\ClaimsModule.Application.csproj", "{966F79F5-479D-4C0E-88FA-60033259DB01}"
EndProject
Project("{2150E333-8FDC-42A3-9474-1A3956D46DE8}") = "infra", "infra", "{15879CB8-7A3F-14CE-5390-BDD4BAA5791B}"
EndProject
Project("{FAE04EC0-301F-11D3-BF4B-00C04F79EFBC}") = "ClaimsModule.Infrastructure", "src\infra\ClaimsModule.Infrastructure\ClaimsModule.Infrastructure.csproj", "{F2CB8D6B-6670-4E3B-8D95-6086D8C3118D}"
EndProject
Project("{FAE04EC0-301F-11D3-BF4B-00C04F79EFBC}") = "ClaimsModule.Persistence", "src\infra\ClaimsModule.Persistence\ClaimsModule.Persistence.csproj", "{CA83E189-E357-432C-BB8A-2FCED011D452}"
EndProject
Project("{2150E333-8FDC-42A3-9474-1A3956D46DE8}") = "api", "api", "{81034408-37C8-1011-444E-4C15C2FADA8E}"
EndProject
Project("{FAE04EC0-301F-11D3-BF4B-00C04F79EFBC}") = "ClaimsModule.API", "src\api\ClaimsModule.API\ClaimsModule.API.csproj", "{879F41FD-6D2E-40FC-A424-63E812C38918}"
EndProject
Project("{2150E333-8FDC-42A3-9474-1A3956D46DE8}") = "aspire", "aspire", "{52BF7FB6-37FF-5100-EFD1-124EFF302675}"
EndProject
Project("{FAE04EC0-301F-11D3-BF4B-00C04F79EFBC}") = "ClaimsModule.AppHost", "src\aspire\ClaimsModule.AppHost\ClaimsModule.AppHost.csproj", "{10D15FCF-89A5-44F6-A7D7-24E8CD7334D3}"
EndProject
Project("{FAE04EC0-301F-11D3-BF4B-00C04F79EFBC}") = "ClaimsModule.ServiceDefaults", "src\aspire\ClaimsModule.ServiceDefaults\ClaimsModule.ServiceDefaults.csproj", "{B1BCCB8E-04BC-4559-A978-7B0AEC57E61B}"
EndProject
Project("{2150E333-8FDC-42A3-9474-1A3956D46DE8}") = "tests", "tests", "{0AB3BF05-4346-4AA6-1389-037BE0695223}"
EndProject
Project("{FAE04EC0-301F-11D3-BF4B-00C04F79EFBC}") = "ClaimsModule.Application.Tests", "tests\ClaimsModule.Application.Tests\ClaimsModule.Application.Tests.csproj", "{865CDC62-89D7-4F9C-937C-56DA218EC2B8}"
EndProject
Project("{FAE04EC0-301F-11D3-BF4B-00C04F79EFBC}") = "ClaimsModule.Api.IntegrationTests", "tests\ClaimsModule.Api.IntegrationTests\ClaimsModule.Api.IntegrationTests.csproj", "{774634A4-88D9-408F-A9AD-4D38EDFEC26F}"
EndProject
Global
	GlobalSection(SolutionConfigurationPlatforms) = preSolution
		Debug|Any CPU = Debug|Any CPU
		Debug|x64 = Debug|x64
		Debug|x86 = Debug|x86
		Release|Any CPU = Release|Any CPU
		Release|x64 = Release|x64
		Release|x86 = Release|x86
	EndGlobalSection
	GlobalSection(ProjectConfigurationPlatforms) = postSolution
		{FD415B01-B17C-478D-9AEA-85A1F412EFE5}.Debug|Any CPU.ActiveCfg = Debug|Any CPU
		{FD415B01-B17C-478D-9AEA-85A1F412EFE5}.Debug|Any CPU.Build.0 = Debug|Any CPU
		{FD415B01-B17C-478D-9AEA-85A1F412EFE5}.Debug|x64.ActiveCfg = Debug|Any CPU
		{FD415B01-B17C-478D-9AEA-85A1F412EFE5}.Debug|x64.Build.0 = Debug|Any CPU
		{FD415B01-B17C-478D-9AEA-85A1F412EFE5}.Debug|x86.ActiveCfg = Debug|Any CPU
		{FD415B01-B17C-478D-9AEA-85A1F412EFE5}.Debug|x86.Build.0 = Debug|Any CPU
		{FD415B01-B17C-478D-9AEA-85A1F412EFE5}.Release|Any CPU.ActiveCfg = Release|Any CPU
		{FD415B01-B17C-478D-9AEA-85A1F412EFE5}.Release|Any CPU.Build.0 = Release|Any CPU
		{FD415B01-B17C-478D-9AEA-85A1F412EFE5}.Release|x64.ActiveCfg = Release|Any CPU
		{FD415B01-B17C-478D-9AEA-85A1F412EFE5}.Release|x64.Build.0 = Release|Any CPU
		{FD415B01-B17C-478D-9AEA-85A1F412EFE5}.Release|x86.ActiveCfg = Release|Any CPU
		{FD415B01-B17C-478D-9AEA-85A1F412EFE5}.Release|x86.Build.0 = Release|Any CPU
		{966F79F5-479D-4C0E-88FA-60033259DB01}.Debug|Any CPU.ActiveCfg = Debug|Any CPU
		{966F79F5-479D-4C0E-88FA-60033259DB01}.Debug|Any CPU.Build.0 = Debug|Any CPU
		{966F79F5-479D-4C0E-88FA-60033259DB01}.Debug|x64.ActiveCfg = Debug|Any CPU
		{966F79F5-479D-4C0E-88FA-60033259DB01}.Debug|x64.Build.0 = Debug|Any CPU
		{966F79F5-479D-4C0E-88FA-60033259DB01}.Debug|x86.ActiveCfg = Debug|Any CPU
		{966F79F5-479D-4C0E-88FA-60033259DB01}.Debug|x86.Build.0 = Debug|Any CPU
		{966F79F5-479D-4C0E-88FA-60033259DB01}.Release|Any CPU.ActiveCfg = Release|Any CPU
		{966F79F5-479D-4C0E-88FA-60033259DB01}.Release|Any CPU.Build.0 = Release|Any CPU
		{966F79F5-479D-4C0E-88FA-60033259DB01}.Release|x64.ActiveCfg = Release|Any CPU
		{966F79F5-479D-4C0E-88FA-60033259DB01}.Release|x64.Build.0 = Release|Any CPU
		{966F79F5-479D-4C0E-88FA-60033259DB01}.Release|x86.ActiveCfg = Release|Any CPU
		{966F79F5-479D-4C0E-88FA-60033259DB01}.Release|x86.Build.0 = Release|Any CPU
		{F2CB8D6B-6670-4E3B-8D95-6086D8C3118D}.Debug|Any CPU.ActiveCfg = Debug|Any CPU
		{F2CB8D6B-6670-4E3B-8D95-6086D8C3118D}.Debug|Any CPU.Build.0 = Debug|Any CPU
		{F2CB8D6B-6670-4E3B-8D95-6086D8C3118D}.Debug|x64.ActiveCfg = Debug|Any CPU
		{F2CB8D6B-6670-4E3B-8D95-6086D8C3118D}.Debug|x64.Build.0 = Debug|Any CPU
		{F2CB8D6B-6670-4E3B-8D95-6086D8C3118D}.Debug|x86.ActiveCfg = Debug|Any CPU
		{F2CB8D6B-6670-4E3B-8D95-6086D8C3118D}.Debug|x86.Build.0 = Debug|Any CPU
		{F2CB8D6B-6670-4E3B-8D95-6086D8C3118D}.Release|Any CPU.ActiveCfg = Release|Any CPU
		{F2CB8D6B-6670-4E3B-8D95-6086D8C3118D}.Release|Any CPU.Build.0 = Release|Any CPU
		{F2CB8D6B-6670-4E3B-8D95-6086D8C3118D}.Release|x64.ActiveCfg = Release|Any CPU
		{F2CB8D6B-6670-4E3B-8D95-6086D8C3118D}.Release|x64.Build.0 = Release|Any CPU
		{F2CB8D6B-6670-4E3B-8D95-6086D8C3118D}.Release|x86.ActiveCfg = Release|Any CPU
		{F2CB8D6B-6670-4E3B-8D95-6086D8C3118D}.Release|x86.Build.0 = Release|Any CPU
		{CA83E189-E357-432C-BB8A-2FCED011D452}.Debug|Any CPU.ActiveCfg = Debug|Any CPU
		{CA83E189-E357-432C-BB8A-2FCED011D452}.Debug|Any CPU.Build.0 = Debug|Any CPU
		{CA83E189-E357-432C-BB8A-2FCED011D452}.Debug|x64.ActiveCfg = Debug|Any CPU
		{CA83E189-E357-432C-BB8A-2FCED011D452}.Debug|x64.Build.0 = Debug|Any CPU
		{CA83E189-E357-432C-BB8A-2FCED011D452}.Debug|x86.ActiveCfg = Debug|Any CPU
		{CA83E189-E357-432C-BB8A-2FCED011D452}.Debug|x86.Build.0 = Debug|Any CPU
		{CA83E189-E357-432C-BB8A-2FCED011D452}.Release|Any CPU.ActiveCfg = Release|Any CPU
		{CA83E189-E357-432C-BB8A-2FCED011D452}.Release|Any CPU.Build.0 = Release|Any CPU
		{CA83E189-E357-432C-BB8A-2FCED011D452}.Release|x64.ActiveCfg = Release|Any CPU
		{CA83E189-E357-432C-BB8A-2FCED011D452}.Release|x64.Build.0 = Release|Any CPU
		{CA83E189-E357-432C-BB8A-2FCED011D452}.Release|x86.ActiveCfg = Release|Any CPU
		{CA83E189-E357-432C-BB8A-2FCED011D452}.Release|x86.Build.0 = Release|Any CPU
		{879F41FD-6D2E-40FC-A424-63E812C38918}.Debug|Any CPU.ActiveCfg = Debug|Any CPU
		{879F41FD-6D2E-40FC-A424-63E812C38918}.Debug|Any CPU.Build.0 = Debug|Any CPU
		{879F41FD-6D2E-40FC-A424-63E812C38918}.Debug|x64.ActiveCfg = Debug|Any CPU
		{879F41FD-6D2E-40FC-A424-63E812C38918}.Debug|x64.Build.0 = Debug|Any CPU
		{879F41FD-6D2E-40FC-A424-63E812C38918}.Debug|x86.ActiveCfg = Debug|Any CPU
		{879F41FD-6D2E-40FC-A424-63E812C38918}.Debug|x86.Build.0 = Debug|Any CPU
		{879F41FD-6D2E-40FC-A424-63E812C38918}.Release|Any CPU.ActiveCfg = Release|Any CPU
		{879F41FD-6D2E-40FC-A424-63E812C38918}.Release|Any CPU.Build.0 = Release|Any CPU
		{879F41FD-6D2E-40FC-A424-63E812C38918}.Release|x64.ActiveCfg = Release|Any CPU
		{879F41FD-6D2E-40FC-A424-63E812C38918}.Release|x64.Build.0 = Release|Any CPU
		{879F41FD-6D2E-40FC-A424-63E812C38918}.Release|x86.ActiveCfg = Release|Any CPU
		{879F41FD-6D2E-40FC-A424-63E812C38918}.Release|x86.Build.0 = Release|Any CPU
		{10D15FCF-89A5-44F6-A7D7-24E8CD7334D3}.Debug|Any CPU.ActiveCfg = Debug|Any CPU
		{10D15FCF-89A5-44F6-A7D7-24E8CD7334D3}.Debug|Any CPU.Build.0 = Debug|Any CPU
		{10D15FCF-89A5-44F6-A7D7-24E8CD7334D3}.Debug|x64.ActiveCfg = Debug|Any CPU
		{10D15FCF-89A5-44F6-A7D7-24E8CD7334D3}.Debug|x64.Build.0 = Debug|Any CPU
		{10D15FCF-89A5-44F6-A7D7-24E8CD7334D3}.Debug|x86.ActiveCfg = Debug|Any CPU
		{10D15FCF-89A5-44F6-A7D7-24E8CD7334D3}.Debug|x86.Build.0 = Debug|Any CPU
		{10D15FCF-89A5-44F6-A7D7-24E8CD7334D3}.Release|Any CPU.ActiveCfg = Release|Any CPU
		{10D15FCF-89A5-44F6-A7D7-24E8CD7334D3}.Release|Any CPU.Build.0 = Release|Any CPU
		{10D15FCF-89A5-44F6-A7D7-24E8CD7334D3}.Release|x64.ActiveCfg = Release|Any CPU
		{10D15FCF-89A5-44F6-A7D7-24E8CD7334D3}.Release|x64.Build.0 = Release|Any CPU
		{10D15FCF-89A5-44F6-A7D7-24E8CD7334D3}.Release|x86.ActiveCfg = Release|Any CPU
		{10D15FCF-89A5-44F6-A7D7-24E8CD7334D3}.Release|x86.Build.0 = Release|Any CPU
		{B1BCCB8E-04BC-4559-A978-7B0AEC57E61B}.Debug|Any CPU.ActiveCfg = Debug|Any CPU
		{B1BCCB8E-04BC-4559-A978-7B0AEC57E61B}.Debug|Any CPU.Build.0 = Debug|Any CPU
		{B1BCCB8E-04BC-4559-A978-7B0AEC57E61B}.Debug|x64.ActiveCfg = Debug|Any CPU
		{B1BCCB8E-04BC-4559-A978-7B0AEC57E61B}.Debug|x64.Build.0 = Debug|Any CPU
		{B1BCCB8E-04BC-4559-A978-7B0AEC57E61B}.Debug|x86.ActiveCfg = Debug|Any CPU
		{B1BCCB8E-04BC-4559-A978-7B0AEC57E61B}.Debug|x86.Build.0 = Debug|Any CPU
		{B1BCCB8E-04BC-4559-A978-7B0AEC57E61B}.Release|Any CPU.ActiveCfg = Release|Any CPU
		{B1BCCB8E-04BC-4559-A978-7B0AEC57E61B}.Release|Any CPU.Build.0 = Release|Any CPU
		{B1BCCB8E-04BC-4559-A978-7B0AEC57E61B}.Release|x64.ActiveCfg = Release|Any CPU
		{B1BCCB8E-04BC-4559-A978-7B0AEC57E61B}.Release|x64.Build.0 = Release|Any CPU
		{B1BCCB8E-04BC-4559-A978-7B0AEC57E61B}.Release|x86.ActiveCfg = Release|Any CPU
		{B1BCCB8E-04BC-4559-A978-7B0AEC57E61B}.Release|x86.Build.0 = Release|Any CPU
		{865CDC62-89D7-4F9C-937C-56DA218EC2B8}.Debug|Any CPU.ActiveCfg = Debug|Any CPU
		{865CDC62-89D7-4F9C-937C-56DA218EC2B8}.Debug|Any CPU.Build.0 = Debug|Any CPU
		{865CDC62-89D7-4F9C-937C-56DA218EC2B8}.Debug|x64.ActiveCfg = Debug|Any CPU
		{865CDC62-89D7-4F9C-937C-56DA218EC2B8}.Debug|x64.Build.0 = Debug|Any CPU
		{865CDC62-89D7-4F9C-937C-56DA218EC2B8}.Debug|x86.ActiveCfg = Debug|Any CPU
		{865CDC62-89D7-4F9C-937C-56DA218EC2B8}.Debug|x86.Build.0 = Debug|Any CPU
		{865CDC62-89D7-4F9C-937C-56DA218EC2B8}.Release|Any CPU.ActiveCfg = Release|Any CPU
		{865CDC62-89D7-4F9C-937C-56DA218EC2B8}.Release|Any CPU.Build.0 = Release|Any CPU
		{865CDC62-89D7-4F9C-937C-56DA218EC2B8}.Release|x64.ActiveCfg = Release|Any CPU
		{865CDC62-89D7-4F9C-937C-56DA218EC2B8}.Release|x64.Build.0 = Release|Any CPU
		{865CDC62-89D7-4F9C-937C-56DA218EC2B8}.Release|x86.ActiveCfg = Release|Any CPU
		{865CDC62-89D7-4F9C-937C-56DA218EC2B8}.Release|x86.Build.0 = Release|Any CPU
		{774634A4-88D9-408F-A9AD-4D38EDFEC26F}.Debug|Any CPU.ActiveCfg = Debug|Any CPU
		{774634A4-88D9-408F-A9AD-4D38EDFEC26F}.Debug|Any CPU.Build.0 = Debug|Any CPU
		{774634A4-88D9-408F-A9AD-4D38EDFEC26F}.Debug|x64.ActiveCfg = Debug|Any CPU
		{774634A4-88D9-408F-A9AD-4D38EDFEC26F}.Debug|x64.Build.0 = Debug|Any CPU
		{774634A4-88D9-408F-A9AD-4D38EDFEC26F}.Debug|x86.ActiveCfg = Debug|Any CPU
		{774634A4-88D9-408F-A9AD-4D38EDFEC26F}.Debug|x86.Build.0 = Debug|Any CPU
		{774634A4-88D9-408F-A9AD-4D38EDFEC26F}.Release|Any CPU.ActiveCfg = Release|Any CPU
		{774634A4-88D9-408F-A9AD-4D38EDFEC26F}.Release|Any CPU.Build.0 = Release|Any CPU
		{774634A4-88D9-408F-A9AD-4D38EDFEC26F}.Release|x64.ActiveCfg = Release|Any CPU
		{774634A4-88D9-408F-A9AD-4D38EDFEC26F}.Release|x64.Build.0 = Release|Any CPU
		{774634A4-88D9-408F-A9AD-4D38EDFEC26F}.Release|x86.ActiveCfg = Release|Any CPU
		{774634A4-88D9-408F-A9AD-4D38EDFEC26F}.Release|x86.Build.0 = Release|Any CPU
	EndGlobalSection
	GlobalSection(SolutionProperties) = preSolution
		HideSolutionNode = FALSE
	EndGlobalSection
	GlobalSection(NestedProjects) = preSolution
		{8D626EA8-CB54-BC41-363A-217881BEBA6E} = {827E0CD3-B72D-47B6-A68D-7590B98EB39B}
		{FD415B01-B17C-478D-9AEA-85A1F412EFE5} = {8D626EA8-CB54-BC41-363A-217881BEBA6E}
		{966F79F5-479D-4C0E-88FA-60033259DB01} = {8D626EA8-CB54-BC41-363A-217881BEBA6E}
		{15879CB8-7A3F-14CE-5390-BDD4BAA5791B} = {827E0CD3-B72D-47B6-A68D-7590B98EB39B}
		{F2CB8D6B-6670-4E3B-8D95-6086D8C3118D} = {15879CB8-7A3F-14CE-5390-BDD4BAA5791B}
		{CA83E189-E357-432C-BB8A-2FCED011D452} = {15879CB8-7A3F-14CE-5390-BDD4BAA5791B}
		{81034408-37C8-1011-444E-4C15C2FADA8E} = {827E0CD3-B72D-47B6-A68D-7590B98EB39B}
		{879F41FD-6D2E-40FC-A424-63E812C38918} = {81034408-37C8-1011-444E-4C15C2FADA8E}
		{52BF7FB6-37FF-5100-EFD1-124EFF302675} = {827E0CD3-B72D-47B6-A68D-7590B98EB39B}
		{10D15FCF-89A5-44F6-A7D7-24E8CD7334D3} = {52BF7FB6-37FF-5100-EFD1-124EFF302675}
		{B1BCCB8E-04BC-4559-A978-7B0AEC57E61B} = {52BF7FB6-37FF-5100-EFD1-124EFF302675}
		{865CDC62-89D7-4F9C-937C-56DA218EC2B8} = {0AB3BF05-4346-4AA6-1389-037BE0695223}
		{774634A4-88D9-408F-A9AD-4D38EDFEC26F} = {0AB3BF05-4346-4AA6-1389-037BE0695223}
	EndGlobalSection
EndGlobal
